
Microsoft Visual Studio Solution File, Format Version 12.00
# Visual Studio Version 16
VisualStudioVersion = 16.0.29519.87
MinimumVisualStudioVersion = 10.0.40219.1
Project("{9A19103F-16F7-4668-BE54-9A1E7A4F7556}") = "IdentityJwtAPIDemo", "JmbpPrintAPI\IdentityJwtAPIDemo.csproj", "{99ECEB70-65FF-408C-93DD-441FD824B222}"
EndProject
Project("{9A19103F-16F7-4668-BE54-9A1E7A4F7556}") = "IdentityJwtAPIDemo.Shared", "JmbpPrintAPI.Shared\IdentityJwtAPIDemo.Shared.csproj", "{AEEF88CA-5835-4336-874C-8D0846CA2C83}"
EndProject
Global
	GlobalSection(SolutionConfigurationPlatforms) = preSolution
		Debug|Any CPU = Debug|Any CPU
		Release|Any CPU = Release|Any CPU
	EndGlobalSection
	GlobalSection(ProjectConfigurationPlatforms) = postSolution
		{99ECEB70-65FF-408C-93DD-441FD824B222}.Debug|Any CPU.ActiveCfg = Debug|Any CPU
		{99ECEB70-65FF-408C-93DD-441FD824B222}.Debug|Any CPU.Build.0 = Debug|Any CPU
		{99ECEB70-65FF-408C-93DD-441FD824B222}.Release|Any CPU.ActiveCfg = Release|Any CPU
		{99ECEB70-65FF-408C-93DD-441FD824B222}.Release|Any CPU.Build.0 = Release|Any CPU
		{AEEF88CA-5835-4336-874C-8D0846CA2C83}.Debug|Any CPU.ActiveCfg = Debug|Any CPU
		{AEEF88CA-5835-4336-874C-8D0846CA2C83}.Debug|Any CPU.Build.0 = Debug|Any CPU
		{AEEF88CA-5835-4336-874C-8D0846CA2C83}.Release|Any CPU.ActiveCfg = Release|Any CPU
		{AEEF88CA-5835-4336-874C-8D0846CA2C83}.Release|Any CPU.Build.0 = Release|Any CPU
	EndGlobalSection
	GlobalSection(SolutionProperties) = preSolution
		HideSolutionNode = FALSE
	EndGlobalSection
	GlobalSection(ExtensibilityGlobals) = postSolution
		SolutionGuid = {33510158-E96D-47AA-A6E8-977BF113EB6A}
	EndGlobalSection
EndGlobal
